
Microsoft Visual Studio Solution File, Format Version 12.00
# Visual Studio Version 16
VisualStudioVersion = 16.0.30104.148
MinimumVisualStudioVersion = 10.0.40219.1
Project("{9A19103F-16F7-4668-BE54-9A1E7A4F7556}") = "DatingApp", "DatingApp.csproj", "{8594CD20-7A46-4DF7-B8F8-BBDA98934152}"
EndProject
Global
	GlobalSection(SolutionConfigurationPlatforms) = preSolution
		Debug|Any CPU = Debug|Any CPU
		Release|Any CPU = Release|Any CPU
	EndGlobalSection
	GlobalSection(ProjectConfigurationPlatforms) = postSolution
		{8594CD20-7A46-4DF7-B8F8-BBDA98934152}.Debug|Any CPU.ActiveCfg = Debug|Any CPU
		{8594CD20-7A46-4DF7-B8F8-BBDA98934152}.Debug|Any CPU.Build.0 = Debug|Any CPU
		{8594CD20-7A46-4DF7-B8F8-BBDA98934152}.Release|Any CPU.ActiveCfg = Release|Any CPU
		{8594CD20-7A46-4DF7-B8F8-BBDA98934152}.Release|Any CPU.Build.0 = Release|Any CPU
	EndGlobalSection
	GlobalSection(SolutionProperties) = preSolution
		HideSolutionNode = FALSE
	EndGlobalSection
	GlobalSection(ExtensibilityGlobals) = postSolution
		SolutionGuid = {30E08623-32F9-4E24-9097-BEE9141C1C7D}
	EndGlobalSection
EndGlobal
